// !$*UTF8*$!
{
	archiveVersion = 1;
	classes = {
	};
	objectVersion = 50;
	objects = {

/* Begin PBXBuildFile section */
		3CBF3D8C7637942EDBC39E1B /* Pods_TestDictation.framework in Frameworks */ = {isa = PBXBuildFile; fileRef = 0FCF5B30857793601C3868B9 /* Pods_TestDictation.framework */; };
		D894A6BC20F805850077C320 /* AppDelegate.swift in Sources */ = {isa = PBXBuildFile; fileRef = D894A6BB20F805850077C320 /* AppDelegate.swift */; };
		D894A6BE20F805850077C320 /* ViewController.swift in Sources */ = {isa = PBXBuildFile; fileRef = D894A6BD20F805850077C320 /* ViewController.swift */; };
		D894A6C120F805850077C320 /* Main.storyboard in Resources */ = {isa = PBXBuildFile; fileRef = D894A6BF20F805850077C320 /* Main.storyboard */; };
		D894A6C320F805870077C320 /* Assets.xcassets in Resources */ = {isa = PBXBuildFile; fileRef = D894A6C220F805870077C320 /* Assets.xcassets */; };
		D894A6C620F805870077C320 /* LaunchScreen.storyboard in Resources */ = {isa = PBXBuildFile; fileRef = D894A6C420F805870077C320 /* LaunchScreen.storyboard */; };
/* End PBXBuildFile section */

/* Begin PBXFileReference section */
		0FCF5B30857793601C3868B9 /* Pods_TestDictation.framework */ = {isa = PBXFileReference; explicitFileType = wrapper.framework; includeInIndex = 0; path = Pods_TestDictation.framework; sourceTree = BUILT_PRODUCTS_DIR; };
		37F6ACF5CE466F6A06B8B0C1 /* Pods-TestDictation.debug.xcconfig */ = {isa = PBXFileReference; includeInIndex = 1; lastKnownFileType = text.xcconfig; name = "Pods-TestDictation.debug.xcconfig"; path = "Pods/Target Support Files/Pods-TestDictation/Pods-TestDictation.debug.xcconfig"; sourceTree = "<group>"; };
		ABE452E679306EC2A6B5CFC5 /* Pods-TestDictation.release.xcconfig */ = {isa = PBXFileReference; includeInIndex = 1; lastKnownFileType = text.xcconfig; name = "Pods-TestDictation.release.xcconfig"; path = "Pods/Target Support Files/Pods-TestDictation/Pods-TestDictation.release.xcconfig"; sourceTree = "<group>"; };
		D894A6B820F805850077C320 /* TestDictation.app */ = {isa = PBXFileReference; explicitFileType = wrapper.application; includeInIndex = 0; path = TestDictation.app; sourceTree = BUILT_PRODUCTS_DIR; };
		D894A6BB20F805850077C320 /* AppDelegate.swift */ = {isa = PBXFileReference; lastKnownFileType = sourcecode.swift; path = AppDelegate.swift; sourceTree = "<group>"; };
		D894A6BD20F805850077C320 /* ViewController.swift */ = {isa = PBXFileReference; lastKnownFileType = sourcecode.swift; path = ViewController.swift; sourceTree = "<group>"; };
		D894A6C020F805850077C320 /* Base */ = {isa = PBXFileReference; lastKnownFileType = file.storyboard; name = Base; path = Base.lproj/Main.storyboard; sourceTree = "<group>"; };
		D894A6C220F805870077C320 /* Assets.xcassets */ = {isa = PBXFileReference; lastKnownFileType = folder.assetcatalog; path = Assets.xcassets; sourceTree = "<group>"; };
		D894A6C520F805870077C320 /* Base */ = {isa = PBXFileReference; lastKnownFileType = file.storyboard; name = Base; path = Base.lproj/LaunchScreen.storyboard; sourceTree = "<group>"; };
		D894A6C720F805870077C320 /* Info.plist */ = {isa = PBXFileReference; lastKnownFileType = text.plist.xml; path = Info.plist; sourceTree = "<group>"; };
/* End PBXFileReference section */

/* Begin PBXFrameworksBuildPhase section */
		D894A6B520F805850077C320 /* Frameworks */ = {
			isa = PBXFrameworksBuildPhase;
			buildActionMask = 2147483647;
			files = (
				3CBF3D8C7637942EDBC39E1B /* Pods_TestDictation.framework in Frameworks */,
			);
			runOnlyForDeploymentPostprocessing = 0;
		};
/* End PBXFrameworksBuildPhase section */

/* Begin PBXGroup section */
		0E573BC0B7FC6C4718540516 /* Frameworks */ = {
			isa = PBXGroup;
			children = (
				0FCF5B30857793601C3868B9 /* Pods_TestDictation.framework */,
			);
			name = Frameworks;
			sourceTree = "<group>";
		};
		D3EEE1B404C423BF107E55B5 /* Pods */ = {
			isa = PBXGroup;
			children = (
				37F6ACF5CE466F6A06B8B0C1 /* Pods-TestDictation.debug.xcconfig */,
				ABE452E679306EC2A6B5CFC5 /* Pods-TestDictation.release.xcconfig */,
			);
			name = Pods;
			sourceTree = "<group>";
		};
		D894A6AF20F805850077C320 = {
			isa = PBXGroup;
			children = (
				D894A6BA20F805850077C320 /* TestDictation */,
				D894A6B920F805850077C320 /* Products */,
				D3EEE1B404C423BF107E55B5 /* Pods */,
				0E573BC0B7FC6C4718540516 /* Frameworks */,
			);
			sourceTree = "<group>";
		};
		D894A6B920F805850077C320 /* Products */ = {
			isa = PBXGroup;
			children = (
				D894A6B820F805850077C320 /* TestDictation.app */,
			);
			name = Products;
			sourceTree = "<group>";
		};
		D894A6BA20F805850077C320 /* TestDictation */ = {
			isa = PBXGroup;
			children = (
				D894A6BB20F805850077C320 /* AppDelegate.swift */,
				D894A6BD20F805850077C320 /* ViewController.swift */,
				D894A6BF20F805850077C320 /* Main.storyboard */,
				D894A6C220F805870077C320 /* Assets.xcassets */,
				D894A6C420F805870077C320 /* LaunchScreen.storyboard */,
				D894A6C720F805870077C320 /* Info.plist */,
			);
			path = TestDictation;
			sourceTree = "<group>";
		};
/* End PBXGroup section */

/* Begin PBXNativeTarget section */
		D894A6B720F805850077C320 /* TestDictation */ = {
			isa = PBXNativeTarget;
			buildConfigurationList = D894A6CA20F805870077C320 /* Build configuration list for PBXNativeTarget "TestDictation" */;
			buildPhases = (
				B1CD4FC5AE8CCC5AF446BBF5 /* [CP] Check Pods Manifest.lock */,
				D894A6B420F805850077C320 /* Sources */,
				D894A6B520F805850077C320 /* Frameworks */,
				D894A6B620F805850077C320 /* Resources */,
				07ADE13052F6CEFCAA886F45 /* [CP] Embed Pods Frameworks */,
			);
			buildRules = (
			);
			dependencies = (
			);
			name = TestDictation;
			productName = TestDictation;
			productReference = D894A6B820F805850077C320 /* TestDictation.app */;
			productType = "com.apple.product-type.application";
		};
/* End PBXNativeTarget section */

/* Begin PBXProject section */
		D894A6B020F805850077C320 /* Project object */ = {
			isa = PBXProject;
			attributes = {
				LastSwiftUpdateCheck = 0940;
				LastUpgradeCheck = 0940;
				ORGANIZATIONNAME = Spaus;
				TargetAttributes = {
					D894A6B720F805850077C320 = {
						CreatedOnToolsVersion = 9.4.1;
					};
				};
			};
			buildConfigurationList = D894A6B320F805850077C320 /* Build configuration list for PBXProject "TestDictation" */;
			compatibilityVersion = "Xcode 9.3";
			developmentRegion = en;
			hasScannedForEncodings = 0;
			knownRegions = (
				en,
				Base,
			);
			mainGroup = D894A6AF20F805850077C320;
			productRefGroup = D894A6B920F805850077C320 /* Products */;
			projectDirPath = "";
			projectRoot = "";
			targets = (
				D894A6B720F805850077C320 /* TestDictation */,
			);
		};
/* End PBXProject section */

/* Begin PBXResourcesBuildPhase section */
		D894A6B620F805850077C320 /* Resources */ = {
			isa = PBXResourcesBuildPhase;
			buildActionMask = 2147483647;
			files = (
				D894A6C620F805870077C320 /* LaunchScreen.storyboard in Resources */,
				D894A6C320F805870077C320 /* Assets.xcassets in Resources */,
				D894A6C120F805850077C320 /* Main.storyboard in Resources */,
			);
			runOnlyForDeploymentPostprocessing = 0;
		};
/* End PBXResourcesBuildPhase section */

/* Begin PBXShellScriptBuildPhase section */
		07ADE13052F6CEFCAA886F45 /* [CP] Embed Pods Frameworks */ = {
			isa = PBXShellScriptBuildPhase;
			buildActionMask = 2147483647;
			files = (
			);
			inputPaths = (
				"${SRCROOT}/Pods/Target Support Files/Pods-TestDictation/Pods-TestDictation-frameworks.sh",
				"${BUILT_PRODUCTS_DIR}/Starscream/Starscream.framework",
			);
			name = "[CP] Embed Pods Frameworks";
			outputPaths = (
				"${TARGET_BUILD_DIR}/${FRAMEWORKS_FOLDER_PATH}/Starscream.framework",
			);
			runOnlyForDeploymentPostprocessing = 0;
			shellPath = /bin/sh;
			shellScript = "\"${SRCROOT}/Pods/Target Support Files/Pods-TestDictation/Pods-TestDictation-frameworks.sh\"\n";
			showEnvVarsInLog = 0;
		};
		B1CD4FC5AE8CCC5AF446BBF5 /* [CP] Check Pods Manifest.lock */ = {
			isa = PBXShellScriptBuildPhase;
			buildActionMask = 2147483647;
			files = (
			);
			inputPaths = (
				"${PODS_PODFILE_DIR_PATH}/Podfile.lock",
				"${PODS_ROOT}/Manifest.lock",
			);
			name = "[CP] Check Pods Manifest.lock";
			outputPaths = (
				"$(DERIVED_FILE_DIR)/Pods-TestDictation-checkManifestLockResult.txt",
			);
			runOnlyForDeploymentPostprocessing = 0;
			shellPath = /bin/sh;
			shellScript = "diff \"${PODS_PODFILE_DIR_PATH}/Podfile.lock\" \"${PODS_ROOT}/Manifest.lock\" > /dev/null\nif [ $? != 0 ] ; then\n    # print error to STDERR\n    echo \"error: The sandbox is not in sync with the Podfile.lock. Run 'pod install' or update your CocoaPods installation.\" >&2\n    exit 1\nfi\n# This output is used by Xcode 'outputs' to avoid re-running this script phase.\necho \"SUCCESS\" > \"${SCRIPT_OUTPUT_FILE_0}\"\n";
			showEnvVarsInLog = 0;
		};
/* End PBXShellScriptBuildPhase section */

/* Begin PBXSourcesBuildPhase section */
		D894A6B420F805850077C320 /* Sources */ = {
			isa = PBXSourcesBuildPhase;
			buildActionMask = 2147483647;
			files = (
				D894A6BE20F805850077C320 /* ViewController.swift in Sources */,
				D894A6BC20F805850077C320 /* AppDelegate.swift in Sources */,
			);
			runOnlyForDeploymentPostprocessing = 0;
		};
/* End PBXSourcesBuildPhase section */

/* Begin PBXVariantGroup section */
		D894A6BF20F805850077C320 /* Main.storyboard */ = {
			isa = PBXVariantGroup;
			children = (
				D894A6C020F805850077C320 /* Base */,
			);
			name = Main.storyboard;
			sourceTree = "<group>";
		};
		D894A6C420F805870077C320 /* LaunchScreen.storyboard */ = {
			isa = PBXVariantGroup;
			children = (
				D894A6C520F805870077C320 /* Base */,
			);
			name = LaunchScreen.storyboard;
			sourceTree = "<group>";
		};
/* End PBXVariantGroup section */

/* Begin XCBuildConfiguration section */
		D894A6C820F805870077C320 /* Debug */ = {
			isa = XCBuildConfiguration;
			buildSettings = {
				ALWAYS_SEARCH_USER_PATHS = NO;
				CLANG_ANALYZER_NONNULL = YES;
				CLANG_ANALYZER_NUMBER_OBJECT_CONVERSION = YES_AGGRESSIVE;
				CLANG_CXX_LANGUAGE_STANDARD = "gnu++14";
				CLANG_CXX_LIBRARY = "libc++";
				CLANG_ENABLE_MODULES = YES;
				CLANG_ENABLE_OBJC_ARC = YES;
				CLANG_ENABLE_OBJC_WEAK = YES;
				CLANG_WARN_BLOCK_CAPTURE_AUTORELEASING = YES;
				CLANG_WARN_BOOL_CONVERSION = YES;
				CLANG_WARN_COMMA = YES;
				CLANG_WARN_CONSTANT_CONVERSION = YES;
				CLANG_WARN_DEPRECATED_OBJC_IMPLEMENTATIONS = YES;
				CLANG_WARN_DIRECT_OBJC_ISA_USAGE = YES_ERROR;
				CLANG_WARN_DOCUMENTATION_COMMENTS = YES;
				CLANG_WARN_EMPTY_BODY = YES;
				CLANG_WARN_ENUM_CONVERSION = YES;
				CLANG_WARN_INFINITE_RECURSION = YES;
				CLANG_WARN_INT_CONVERSION = YES;
				CLANG_WARN_NON_LITERAL_NULL_CONVERSION = YES;
				CLANG_WARN_OBJC_IMPLICIT_RETAIN_SELF = YES;
				CLANG_WARN_OBJC_LITERAL_CONVERSION = YES;
				CLANG_WARN_OBJC_ROOT_CLASS = YES_ERROR;
				CLANG_WARN_RANGE_LOOP_ANALYSIS = YES;
				CLANG_WARN_STRICT_PROTOTYPES = YES;
				CLANG_WARN_SUSPICIOUS_MOVE = YES;
				CLANG_WARN_UNGUARDED_AVAILABILITY = YES_AGGRESSIVE;
				CLANG_WARN_UNREACHABLE_CODE = YES;
				CLANG_WARN__DUPLICATE_METHOD_MATCH = YES;
				CODE_SIGN_IDENTITY = "iPhone Developer";
				COPY_PHASE_STRIP = NO;
				DEBUG_INFORMATION_FORMAT = dwarf;
				ENABLE_STRICT_OBJC_MSGSEND = YES;
				ENABLE_TESTABILITY = YES;
				GCC_C_LANGUAGE_STANDARD = gnu11;
				GCC_DYNAMIC_NO_PIC = NO;
				GCC_NO_COMMON_BLOCKS = YES;
				GCC_OPTIMIZATION_LEVEL = 0;
				GCC_PREPROCESSOR_DEFINITIONS = (
					"DEBUG=1",
					"$(inherited)",
				);
				GCC_WARN_64_TO_32_BIT_CONVERSION = YES;
				GCC_WARN_ABOUT_RETURN_TYPE = YES_ERROR;
				GCC_WARN_UNDECLARED_SELECTOR = YES;
				GCC_WARN_UNINITIALIZED_AUTOS = YES_AGGRESSIVE;
				GCC_WARN_UNUSED_FUNCTION = YES;
				GCC_WARN_UNUSED_VARIABLE = YES;
				IPHONEOS_DEPLOYMENT_TARGET = 11.4;
				MTL_ENABLE_DEBUG_INFO = YES;
				ONLY_ACTIVE_ARCH = YES;
				SDKROOT = iphoneos;
				SWIFT_ACTIVE_COMPILATION_CONDITIONS = DEBUG;
				SWIFT_OPTIMIZATION_LEVEL = "-Onone";
			};
			name = Debug;
		};
		D894A6C920F805870077C320 /* Release */ = {
			isa = XCBuildConfiguration;
			buildSettings = {
				ALWAYS_SEARCH_USER_PATHS = NO;
				CLANG_ANALYZER_NONNULL = YES;
				CLANG_ANALYZER_NUMBER_OBJECT_CONVERSION = YES_AGGRESSIVE;
				CLANG_CXX_LANGUAGE_STANDARD = "gnu++14";
				CLANG_CXX_LIBRARY = "libc++";
				CLANG_ENABLE_MODULES = YES;
				CLANG_ENABLE_OBJC_ARC = YES;
				CLANG_ENABLE_OBJC_WEAK = YES;
				CLANG_WARN_BLOCK_CAPTURE_AUTORELEASING = YES;
				CLANG_WARN_BOOL_CONVERSION = YES;
				CLANG_WARN_COMMA = YES;
				CLANG_WARN_CONSTANT_CONVERSION = YES;
				CLANG_WARN_DEPRECATED_OBJC_IMPLEMENTATIONS = YES;
				CLANG_WARN_DIRECT_OBJC_ISA_USAGE = YES_ERROR;
				CLANG_WARN_DOCUMENTATION_COMMENTS = YES;
				CLANG_WARN_EMPTY_BODY = YES;
				CLANG_WARN_ENUM_CONVERSION = YES;
				CLANG_WARN_INFINITE_RECURSION = YES;
				CLANG_WARN_INT_CONVERSION = YES;
				CLANG_WARN_NON_LITERAL_NULL_CONVERSION = YES;
				CLANG_WARN_OBJC_IMPLICIT_RETAIN_SELF = YES;
				CLANG_WARN_OBJC_LITERAL_CONVERSION = YES;
				CLANG_WARN_OBJC_ROOT_CLASS = YES_ERROR;
				CLANG_WARN_RANGE_LOOP_ANALYSIS = YES;
				CLANG_WARN_STRICT_PROTOTYPES = YES;
				CLANG_WARN_SUSPICIOUS_MOVE = YES;
				CLANG_WARN_UNGUARDED_AVAILABILITY = YES_AGGRESSIVE;
				CLANG_WARN_UNREACHABLE_CODE = YES;
				CLANG_WARN__DUPLICATE_METHOD_MATCH = YES;
				CODE_SIGN_IDENTITY = "iPhone Developer";
				COPY_PHASE_STRIP = NO;
				DEBUG_INFORMATION_FORMAT = "dwarf-with-dsym";
				ENABLE_NS_ASSERTIONS = NO;
				ENABLE_STRICT_OBJC_MSGSEND = YES;
				GCC_C_LANGUAGE_STANDARD = gnu11;
				GCC_NO_COMMON_BLOCKS = YES;
				GCC_WARN_64_TO_32_BIT_CONVERSION = YES;
				GCC_WARN_ABOUT_RETURN_TYPE = YES_ERROR;
				GCC_WARN_UNDECLARED_SELECTOR = YES;
				GCC_WARN_UNINITIALIZED_AUTOS = YES_AGGRESSIVE;
				GCC_WARN_UNUSED_FUNCTION = YES;
				GCC_WARN_UNUSED_VARIABLE = YES;
				IPHONEOS_DEPLOYMENT_TARGET = 11.4;
				MTL_ENABLE_DEBUG_INFO = NO;
				SDKROOT = iphoneos;
				SWIFT_COMPILATION_MODE = wholemodule;
				SWIFT_OPTIMIZATION_LEVEL = "-O";
				VALIDATE_PRODUCT = YES;
			};
			name = Release;
		};
		D894A6CB20F805870077C320 /* Debug */ = {
			isa = XCBuildConfiguration;
			baseConfigurationReference = 37F6ACF5CE466F6A06B8B0C1 /* Pods-TestDictation.debug.xcconfig */;
			buildSettings = {
				ASSETCATALOG_COMPILER_APPICON_NAME = AppIcon;
				CODE_SIGN_STYLE = Automatic;
				DEVELOPMENT_TEAM = 46Z8FK6W3Y;
				INFOPLIST_FILE = TestDictation/Info.plist;
				LD_RUNPATH_SEARCH_PATHS = (
					"$(inherited)",
					"@executable_path/Frameworks",
				);
				PRODUCT_BUNDLE_IDENTIFIER = net.spaus.TestDictation;
				PRODUCT_NAME = "$(TARGET_NAME)";
				SWIFT_VERSION = 4.0;
				TARGETED_DEVICE_FAMILY = "1,2";
			};
			name = Debug;
		};
		D894A6CC20F805870077C320 /* Release */ = {
			isa = XCBuildConfiguration;
			baseConfigurationReference = ABE452E679306EC2A6B5CFC5 /* Pods-TestDictation.release.xcconfig */;
			buildSettings = {
				ASSETCATALOG_COMPILER_APPICON_NAME = AppIcon;
				CODE_SIGN_STYLE = Automatic;
				DEVELOPMENT_TEAM = 46Z8FK6W3Y;
				INFOPLIST_FILE = TestDictation/Info.plist;
				LD_RUNPATH_SEARCH_PATHS = (
					"$(inherited)",
					"@executable_path/Frameworks",
				);
				PRODUCT_BUNDLE_IDENTIFIER = net.spaus.TestDictation;
				PRODUCT_NAME = "$(TARGET_NAME)";
				SWIFT_VERSION = 4.0;
				TARGETED_DEVICE_FAMILY = "1,2";
			};
			name = Release;
		};
/* End XCBuildConfiguration section */

/* Begin XCConfigurationList section */
		D894A6B320F805850077C320 /* Build configuration list for PBXProject "TestDictation" */ = {
			isa = XCConfigurationList;
			buildConfigurations = (
				D894A6C820F805870077C320 /* Debug */,
				D894A6C920F805870077C320 /* Release */,
			);
			defaultConfigurationIsVisible = 0;
			defaultConfigurationName = Release;
		};
		D894A6CA20F805870077C320 /* Build configuration list for PBXNativeTarget "TestDictation" */ = {
			isa = XCConfigurationList;
			buildConfigurations = (
				D894A6CB20F805870077C320 /* Debug */,
				D894A6CC20F805870077C320 /* Release */,
			);
			defaultConfigurationIsVisible = 0;
			defaultConfigurationName = Release;
		};
/* End XCConfigurationList section */
	};
	rootObject = D894A6B020F805850077C320 /* Project object */;
}
